
Microsoft Visual Studio Solution File, Format Version 12.00
# Visual Studio 15
VisualStudioVersion = 15.0.28307.852
MinimumVisualStudioVersion = 10.0.40219.1
Project("{FAE04EC0-301F-11D3-BF4B-00C04F79EFBC}") = "Examplinvi.Lists", "Examplinvi.Lists\Examplinvi.Lists.csproj", "{2E68BBE5-A2EC-40A0-80F5-FEBD14E07D41}"
EndProject
Project("{9A19103F-16F7-4668-BE54-9A1E7A4F7556}") = "Examplinvi.Creds", "..\..\Examplinvi.Creds\Examplinvi.Creds\Examplinvi.Creds.csproj", "{B8A9C972-1112-42E5-84D5-4630785C0762}"
EndProject
Project("{FAE04EC0-301F-11D3-BF4B-00C04F79EFBC}") = "Examplinvi.DbFx", "..\..\Examplinvi.Db\Examplinvi.DbFx\Examplinvi.DbFx.csproj", "{B89241B7-8C9C-4337-870F-4A924CDF8E1D}"
EndProject
Project("{FAE04EC0-301F-11D3-BF4B-00C04F79EFBC}") = "Examplinvi.DbEditor", "..\..\Examplinvi.DbEditor\Examplinvi.DbEditor\Examplinvi.DbEditor.csproj", "{C0C28B0F-5ED7-4419-AC89-B0BDA59CF4D1}"
EndProject
Global
	GlobalSection(SolutionConfigurationPlatforms) = preSolution
		Debug|Any CPU = Debug|Any CPU
		Release|Any CPU = Release|Any CPU
	EndGlobalSection
	GlobalSection(ProjectConfigurationPlatforms) = postSolution
		{2E68BBE5-A2EC-40A0-80F5-FEBD14E07D41}.Debug|Any CPU.ActiveCfg = Debug|Any CPU
		{2E68BBE5-A2EC-40A0-80F5-FEBD14E07D41}.Debug|Any CPU.Build.0 = Debug|Any CPU
		{2E68BBE5-A2EC-40A0-80F5-FEBD14E07D41}.Release|Any CPU.ActiveCfg = Release|Any CPU
		{2E68BBE5-A2EC-40A0-80F5-FEBD14E07D41}.Release|Any CPU.Build.0 = Release|Any CPU
		{B8A9C972-1112-42E5-84D5-4630785C0762}.Debug|Any CPU.ActiveCfg = Debug|Any CPU
		{B8A9C972-1112-42E5-84D5-4630785C0762}.Debug|Any CPU.Build.0 = Debug|Any CPU
		{B8A9C972-1112-42E5-84D5-4630785C0762}.Release|Any CPU.ActiveCfg = Release|Any CPU
		{B8A9C972-1112-42E5-84D5-4630785C0762}.Release|Any CPU.Build.0 = Release|Any CPU
		{B89241B7-8C9C-4337-870F-4A924CDF8E1D}.Debug|Any CPU.ActiveCfg = Debug|Any CPU
		{B89241B7-8C9C-4337-870F-4A924CDF8E1D}.Debug|Any CPU.Build.0 = Debug|Any CPU
		{B89241B7-8C9C-4337-870F-4A924CDF8E1D}.Release|Any CPU.ActiveCfg = Release|Any CPU
		{B89241B7-8C9C-4337-870F-4A924CDF8E1D}.Release|Any CPU.Build.0 = Release|Any CPU
		{C0C28B0F-5ED7-4419-AC89-B0BDA59CF4D1}.Debug|Any CPU.ActiveCfg = Debug|Any CPU
		{C0C28B0F-5ED7-4419-AC89-B0BDA59CF4D1}.Debug|Any CPU.Build.0 = Debug|Any CPU
		{C0C28B0F-5ED7-4419-AC89-B0BDA59CF4D1}.Release|Any CPU.ActiveCfg = Release|Any CPU
		{C0C28B0F-5ED7-4419-AC89-B0BDA59CF4D1}.Release|Any CPU.Build.0 = Release|Any CPU
	EndGlobalSection
	GlobalSection(SolutionProperties) = preSolution
		HideSolutionNode = FALSE
	EndGlobalSection
	GlobalSection(ExtensibilityGlobals) = postSolution
		SolutionGuid = {2F79DDC7-A6D3-4114-BA05-C01C3E37D821}
	EndGlobalSection
EndGlobal
